
Microsoft Visual Studio Solution File, Format Version 12.00
# Visual Studio Version 17
VisualStudioVersion = 17.6.33801.468
MinimumVisualStudioVersion = 10.0.40219.1
Project("{FAE04EC0-301F-11D3-BF4B-00C04F79EFBC}") = "ex009_fibonnacci-even-numbers-sum", "ex009_fibonnacci-even-numbers-sum.csproj", "{2D1C202A-3AA4-4443-9338-5990C01B16EA}"
EndProject
Global
	GlobalSection(SolutionConfigurationPlatforms) = preSolution
		Debug|Any CPU = Debug|Any CPU
		Release|Any CPU = Release|Any CPU
	EndGlobalSection
	GlobalSection(ProjectConfigurationPlatforms) = postSolution
		{2D1C202A-3AA4-4443-9338-5990C01B16EA}.Debug|Any CPU.ActiveCfg = Debug|Any CPU
		{2D1C202A-3AA4-4443-9338-5990C01B16EA}.Debug|Any CPU.Build.0 = Debug|Any CPU
		{2D1C202A-3AA4-4443-9338-5990C01B16EA}.Release|Any CPU.ActiveCfg = Release|Any CPU
		{2D1C202A-3AA4-4443-9338-5990C01B16EA}.Release|Any CPU.Build.0 = Release|Any CPU
	EndGlobalSection
	GlobalSection(SolutionProperties) = preSolution
		HideSolutionNode = FALSE
	EndGlobalSection
	GlobalSection(ExtensibilityGlobals) = postSolution
		SolutionGuid = {55241620-0CC2-4EBD-B01A-59A3C9CE3BD1}
	EndGlobalSection
EndGlobal
