
Microsoft Visual Studio Solution File, Format Version 12.00
Project("{FAE04EC0-301F-11D3-BF4B-00C04F79EFBC}") = "ex004_calculator-program", "ex004_calculator-program.csproj", "{A136452B-A928-464A-ADEA-8D308EB51B51}"
EndProject
Global
	GlobalSection(SolutionConfigurationPlatforms) = preSolution
		Debug|Any CPU = Debug|Any CPU
		Release|Any CPU = Release|Any CPU
	EndGlobalSection
	GlobalSection(ProjectConfigurationPlatforms) = postSolution
		{A136452B-A928-464A-ADEA-8D308EB51B51}.Debug|Any CPU.ActiveCfg = Debug|Any CPU
		{A136452B-A928-464A-ADEA-8D308EB51B51}.Debug|Any CPU.Build.0 = Debug|Any CPU
		{A136452B-A928-464A-ADEA-8D308EB51B51}.Release|Any CPU.ActiveCfg = Release|Any CPU
		{A136452B-A928-464A-ADEA-8D308EB51B51}.Release|Any CPU.Build.0 = Release|Any CPU
	EndGlobalSection
EndGlobal
