
Microsoft Visual Studio Solution File, Format Version 12.00
Project("{FAE04EC0-301F-11D3-BF4B-00C04F79EFBC}") = "ex006_wpf-moving-square", "ex006_wpf-moving-square.csproj", "{2487C558-AF2B-427D-A612-16017C87914A}"
EndProject
Global
	GlobalSection(SolutionConfigurationPlatforms) = preSolution
		Debug|Any CPU = Debug|Any CPU
		Release|Any CPU = Release|Any CPU
	EndGlobalSection
	GlobalSection(ProjectConfigurationPlatforms) = postSolution
		{2487C558-AF2B-427D-A612-16017C87914A}.Debug|Any CPU.ActiveCfg = Debug|Any CPU
		{2487C558-AF2B-427D-A612-16017C87914A}.Debug|Any CPU.Build.0 = Debug|Any CPU
		{2487C558-AF2B-427D-A612-16017C87914A}.Release|Any CPU.ActiveCfg = Release|Any CPU
		{2487C558-AF2B-427D-A612-16017C87914A}.Release|Any CPU.Build.0 = Release|Any CPU
	EndGlobalSection
EndGlobal
